<Solution>
  <Project Path="../AltAug.Application/AltAug.Application.csproj" Id="0a30d1d0-b041-4070-a86b-304731bd649c" />
  <Project Path="../AltAug.Domain/AltAug.Domain.csproj" Id="0b0a537d-787e-446c-9030-f375b041ef6f" />
  <Project Path="../AltAug.UI/AltAug.UI.csproj" />
  <Project Path="AltAug.csproj" />
</Solution>
